
Microsoft Visual Studio Solution File, Format Version 12.00
# Visual Studio Version 17
VisualStudioVersion = 17.13.36105.23 d17.13
MinimumVisualStudioVersion = 10.0.40219.1
Project("{FAE04EC0-301F-11D3-BF4B-00C04F79EFBC}") = "fukuv0530", "fukuv0530\fukuv0530.csproj", "{3F31F7EB-4268-4C64-951A-BD0B9DDD4C3F}"
EndProject
Global
	GlobalSection(SolutionConfigurationPlatforms) = preSolution
		Debug|Any CPU = Debug|Any CPU
		Release|Any CPU = Release|Any CPU
	EndGlobalSection
	GlobalSection(ProjectConfigurationPlatforms) = postSolution
		{3F31F7EB-4268-4C64-951A-BD0B9DDD4C3F}.Debug|Any CPU.ActiveCfg = Debug|Any CPU
		{3F31F7EB-4268-4C64-951A-BD0B9DDD4C3F}.Debug|Any CPU.Build.0 = Debug|Any CPU
		{3F31F7EB-4268-4C64-951A-BD0B9DDD4C3F}.Release|Any CPU.ActiveCfg = Release|Any CPU
		{3F31F7EB-4268-4C64-951A-BD0B9DDD4C3F}.Release|Any CPU.Build.0 = Release|Any CPU
	EndGlobalSection
	GlobalSection(SolutionProperties) = preSolution
		HideSolutionNode = FALSE
	EndGlobalSection
	GlobalSection(ExtensibilityGlobals) = postSolution
		SolutionGuid = {2383E2BB-0826-41CC-B2A3-E54F27CDF83B}
	EndGlobalSection
EndGlobal
